// !$*UTF8*$!
{
	archiveVersion = 1;
	classes = {
	};
	objectVersion = 51;
	objects = {

/* Begin PBXBuildFile section */
		1870965525C823EA00A3027D /* AppDelegate.m in Sources */ = {isa = PBXBuildFile; fileRef = 1870965425C823EA00A3027D /* AppDelegate.m */; };
		1870965825C823EA00A3027D /* SceneDelegate.m in Sources */ = {isa = PBXBuildFile; fileRef = 1870965725C823EA00A3027D /* SceneDelegate.m */; };
		1870966025C823ED00A3027D /* Assets.xcassets in Resources */ = {isa = PBXBuildFile; fileRef = 1870965F25C823ED00A3027D /* Assets.xcassets */; };
		1870966325C823ED00A3027D /* LaunchScreen.storyboard in Resources */ = {isa = PBXBuildFile; fileRef = 1870966125C823ED00A3027D /* LaunchScreen.storyboard */; };
		1870966625C823ED00A3027D /* main.m in Sources */ = {isa = PBXBuildFile; fileRef = 1870966525C823ED00A3027D /* main.m */; };
		188A4C8625D12DCD0002BEC9 /* YJTools.m in Sources */ = {isa = PBXBuildFile; fileRef = 188A4C8525D12DCD0002BEC9 /* YJTools.m */; };
		18CA75A525C8300500872836 /* YJTabBarController.m in Sources */ = {isa = PBXBuildFile; fileRef = 18CA75A425C8300500872836 /* YJTabBarController.m */; };
		18CA75A925C8334800872836 /* YJBoyViewController.m in Sources */ = {isa = PBXBuildFile; fileRef = 18CA75A825C8334800872836 /* YJBoyViewController.m */; };
		18CA75AC25C8337200872836 /* YJGirlViewController.m in Sources */ = {isa = PBXBuildFile; fileRef = 18CA75AB25C8337200872836 /* YJGirlViewController.m */; };
		B247DB43EB3EC16844E65169 /* Pods_MyApp.framework in Frameworks */ = {isa = PBXBuildFile; fileRef = B3AF94974C96501B8A53B191 /* Pods_MyApp.framework */; };
/* End PBXBuildFile section */

/* Begin PBXFileReference section */
		1870965025C823EA00A3027D /* MyApp.app */ = {isa = PBXFileReference; explicitFileType = wrapper.application; includeInIndex = 0; path = MyApp.app; sourceTree = BUILT_PRODUCTS_DIR; };
		1870965325C823EA00A3027D /* AppDelegate.h */ = {isa = PBXFileReference; lastKnownFileType = sourcecode.c.h; path = AppDelegate.h; sourceTree = "<group>"; };
		1870965425C823EA00A3027D /* AppDelegate.m */ = {isa = PBXFileReference; lastKnownFileType = sourcecode.c.objc; path = AppDelegate.m; sourceTree = "<group>"; };
		1870965625C823EA00A3027D /* SceneDelegate.h */ = {isa = PBXFileReference; lastKnownFileType = sourcecode.c.h; path = SceneDelegate.h; sourceTree = "<group>"; };
		1870965725C823EA00A3027D /* SceneDelegate.m */ = {isa = PBXFileReference; lastKnownFileType = sourcecode.c.objc; path = SceneDelegate.m; sourceTree = "<group>"; };
		1870965F25C823ED00A3027D /* Assets.xcassets */ = {isa = PBXFileReference; lastKnownFileType = folder.assetcatalog; path = Assets.xcassets; sourceTree = "<group>"; };
		1870966225C823ED00A3027D /* Base */ = {isa = PBXFileReference; lastKnownFileType = file.storyboard; name = Base; path = Base.lproj/LaunchScreen.storyboard; sourceTree = "<group>"; };
		1870966425C823ED00A3027D /* Info.plist */ = {isa = PBXFileReference; lastKnownFileType = text.plist.xml; path = Info.plist; sourceTree = "<group>"; };
		1870966525C823ED00A3027D /* main.m */ = {isa = PBXFileReference; lastKnownFileType = sourcecode.c.objc; path = main.m; sourceTree = "<group>"; };
		188A4C7E25D1147A0002BEC9 /* PrefixHeader.pch */ = {isa = PBXFileReference; lastKnownFileType = sourcecode.c.h; path = PrefixHeader.pch; sourceTree = "<group>"; };
		188A4C8025D114F00002BEC9 /* MacroDefine.h */ = {isa = PBXFileReference; lastKnownFileType = sourcecode.c.h; path = MacroDefine.h; sourceTree = "<group>"; };
		188A4C8225D12BBF0002BEC9 /* ConstDefine.h */ = {isa = PBXFileReference; lastKnownFileType = sourcecode.c.h; path = ConstDefine.h; sourceTree = "<group>"; };
		188A4C8425D12DCD0002BEC9 /* YJTools.h */ = {isa = PBXFileReference; lastKnownFileType = sourcecode.c.h; path = YJTools.h; sourceTree = "<group>"; };
		188A4C8525D12DCD0002BEC9 /* YJTools.m */ = {isa = PBXFileReference; lastKnownFileType = sourcecode.c.objc; path = YJTools.m; sourceTree = "<group>"; };
		18CA75A325C8300500872836 /* YJTabBarController.h */ = {isa = PBXFileReference; lastKnownFileType = sourcecode.c.h; path = YJTabBarController.h; sourceTree = "<group>"; };
		18CA75A425C8300500872836 /* YJTabBarController.m */ = {isa = PBXFileReference; lastKnownFileType = sourcecode.c.objc; path = YJTabBarController.m; sourceTree = "<group>"; };
		18CA75A725C8334800872836 /* YJBoyViewController.h */ = {isa = PBXFileReference; lastKnownFileType = sourcecode.c.h; path = YJBoyViewController.h; sourceTree = "<group>"; };
		18CA75A825C8334800872836 /* YJBoyViewController.m */ = {isa = PBXFileReference; lastKnownFileType = sourcecode.c.objc; path = YJBoyViewController.m; sourceTree = "<group>"; };
		18CA75AA25C8337200872836 /* YJGirlViewController.h */ = {isa = PBXFileReference; lastKnownFileType = sourcecode.c.h; path = YJGirlViewController.h; sourceTree = "<group>"; };
		18CA75AB25C8337200872836 /* YJGirlViewController.m */ = {isa = PBXFileReference; lastKnownFileType = sourcecode.c.objc; path = YJGirlViewController.m; sourceTree = "<group>"; };
		2FE9756580AA640D174420DE /* Pods-MyApp.debug.xcconfig */ = {isa = PBXFileReference; includeInIndex = 1; lastKnownFileType = text.xcconfig; name = "Pods-MyApp.debug.xcconfig"; path = "Target Support Files/Pods-MyApp/Pods-MyApp.debug.xcconfig"; sourceTree = "<group>"; };
		B3AF94974C96501B8A53B191 /* Pods_MyApp.framework */ = {isa = PBXFileReference; explicitFileType = wrapper.framework; includeInIndex = 0; path = Pods_MyApp.framework; sourceTree = BUILT_PRODUCTS_DIR; };
		B719DAA89794CEA52D90FBD0 /* Pods-MyApp.release.xcconfig */ = {isa = PBXFileReference; includeInIndex = 1; lastKnownFileType = text.xcconfig; name = "Pods-MyApp.release.xcconfig"; path = "Target Support Files/Pods-MyApp/Pods-MyApp.release.xcconfig"; sourceTree = "<group>"; };
/* End PBXFileReference section */

/* Begin PBXFrameworksBuildPhase section */
		1870964D25C823EA00A3027D /* Frameworks */ = {
			isa = PBXFrameworksBuildPhase;
			buildActionMask = 2147483647;
			files = (
				B247DB43EB3EC16844E65169 /* Pods_MyApp.framework in Frameworks */,
			);
			runOnlyForDeploymentPostprocessing = 0;
		};
/* End PBXFrameworksBuildPhase section */

/* Begin PBXGroup section */
		1870964725C823EA00A3027D = {
			isa = PBXGroup;
			children = (
				1870965225C823EA00A3027D /* MyApp */,
				1870965125C823EA00A3027D /* Products */,
				320701036F983377D750B472 /* Pods */,
				3B6751FC378A52487CA17C08 /* Frameworks */,
			);
			sourceTree = "<group>";
		};
		1870965125C823EA00A3027D /* Products */ = {
			isa = PBXGroup;
			children = (
				1870965025C823EA00A3027D /* MyApp.app */,
			);
			name = Products;
			sourceTree = "<group>";
		};
		1870965225C823EA00A3027D /* MyApp */ = {
			isa = PBXGroup;
			children = (
				188A4C7F25D114C10002BEC9 /* Utils */,
				18CA759E25C82F6100872836 /* Controller */,
				1870965325C823EA00A3027D /* AppDelegate.h */,
				1870965425C823EA00A3027D /* AppDelegate.m */,
				1870965625C823EA00A3027D /* SceneDelegate.h */,
				1870965725C823EA00A3027D /* SceneDelegate.m */,
				1870965F25C823ED00A3027D /* Assets.xcassets */,
				1870966125C823ED00A3027D /* LaunchScreen.storyboard */,
				1870966425C823ED00A3027D /* Info.plist */,
				1870966525C823ED00A3027D /* main.m */,
				188A4C7E25D1147A0002BEC9 /* PrefixHeader.pch */,
			);
			path = MyApp;
			sourceTree = "<group>";
		};
		188A4C7F25D114C10002BEC9 /* Utils */ = {
			isa = PBXGroup;
			children = (
				188A4C8325D12DB10002BEC9 /* Tools */,
				188A4C8125D117E40002BEC9 /* Defines */,
			);
			path = Utils;
			sourceTree = "<group>";
		};
		188A4C8125D117E40002BEC9 /* Defines */ = {
			isa = PBXGroup;
			children = (
				188A4C8025D114F00002BEC9 /* MacroDefine.h */,
				188A4C8225D12BBF0002BEC9 /* ConstDefine.h */,
			);
			path = Defines;
			sourceTree = "<group>";
		};
		188A4C8325D12DB10002BEC9 /* Tools */ = {
			isa = PBXGroup;
			children = (
				188A4C8425D12DCD0002BEC9 /* YJTools.h */,
				188A4C8525D12DCD0002BEC9 /* YJTools.m */,
			);
			path = Tools;
			sourceTree = "<group>";
		};
		18CA759E25C82F6100872836 /* Controller */ = {
			isa = PBXGroup;
			children = (
				18CA75AD25C8337C00872836 /* GirlController */,
				18CA75A625C8330800872836 /* BoyController */,
				18CA75A125C82F9200872836 /* TabBarController */,
			);
			path = Controller;
			sourceTree = "<group>";
		};
		18CA75A125C82F9200872836 /* TabBarController */ = {
			isa = PBXGroup;
			children = (
				18CA75A325C8300500872836 /* YJTabBarController.h */,
				18CA75A425C8300500872836 /* YJTabBarController.m */,
			);
			path = TabBarController;
			sourceTree = "<group>";
		};
		18CA75A625C8330800872836 /* BoyController */ = {
			isa = PBXGroup;
			children = (
				18CA75A725C8334800872836 /* YJBoyViewController.h */,
				18CA75A825C8334800872836 /* YJBoyViewController.m */,
			);
			path = BoyController;
			sourceTree = "<group>";
		};
		18CA75AD25C8337C00872836 /* GirlController */ = {
			isa = PBXGroup;
			children = (
				18CA75AA25C8337200872836 /* YJGirlViewController.h */,
				18CA75AB25C8337200872836 /* YJGirlViewController.m */,
			);
			path = GirlController;
			sourceTree = "<group>";
		};
		320701036F983377D750B472 /* Pods */ = {
			isa = PBXGroup;
			children = (
				2FE9756580AA640D174420DE /* Pods-MyApp.debug.xcconfig */,
				B719DAA89794CEA52D90FBD0 /* Pods-MyApp.release.xcconfig */,
			);
			path = Pods;
			sourceTree = "<group>";
		};
		3B6751FC378A52487CA17C08 /* Frameworks */ = {
			isa = PBXGroup;
			children = (
				B3AF94974C96501B8A53B191 /* Pods_MyApp.framework */,
			);
			name = Frameworks;
			sourceTree = "<group>";
		};
/* End PBXGroup section */

/* Begin PBXNativeTarget section */
		1870964F25C823EA00A3027D /* MyApp */ = {
			isa = PBXNativeTarget;
			buildConfigurationList = 1870966925C823ED00A3027D /* Build configuration list for PBXNativeTarget "MyApp" */;
			buildPhases = (
				66FC5B033C08934224189A4F /* [CP] Check Pods Manifest.lock */,
				1870964C25C823EA00A3027D /* Sources */,
				1870964D25C823EA00A3027D /* Frameworks */,
				1870964E25C823EA00A3027D /* Resources */,
				7DBE03CB287A005F1EA9D611 /* [CP] Embed Pods Frameworks */,
			);
			buildRules = (
			);
			dependencies = (
			);
			name = MyApp;
			productName = MyApp;
			productReference = 1870965025C823EA00A3027D /* MyApp.app */;
			productType = "com.apple.product-type.application";
		};
/* End PBXNativeTarget section */

/* Begin PBXProject section */
		1870964825C823EA00A3027D /* Project object */ = {
			isa = PBXProject;
			attributes = {
				LastUpgradeCheck = 1130;
				ORGANIZATIONNAME = Apple;
				TargetAttributes = {
					1870964F25C823EA00A3027D = {
						CreatedOnToolsVersion = 11.3.1;
					};
				};
			};
			buildConfigurationList = 1870964B25C823EA00A3027D /* Build configuration list for PBXProject "MyApp" */;
			compatibilityVersion = "Xcode 9.3";
			developmentRegion = en;
			hasScannedForEncodings = 0;
			knownRegions = (
				en,
				Base,
			);
			mainGroup = 1870964725C823EA00A3027D;
			productRefGroup = 1870965125C823EA00A3027D /* Products */;
			projectDirPath = "";
			projectRoot = "";
			targets = (
				1870964F25C823EA00A3027D /* MyApp */,
			);
		};
/* End PBXProject section */

/* Begin PBXResourcesBuildPhase section */
		1870964E25C823EA00A3027D /* Resources */ = {
			isa = PBXResourcesBuildPhase;
			buildActionMask = 2147483647;
			files = (
				1870966325C823ED00A3027D /* LaunchScreen.storyboard in Resources */,
				1870966025C823ED00A3027D /* Assets.xcassets in Resources */,
			);
			runOnlyForDeploymentPostprocessing = 0;
		};
/* End PBXResourcesBuildPhase section */

/* Begin PBXShellScriptBuildPhase section */
		66FC5B033C08934224189A4F /* [CP] Check Pods Manifest.lock */ = {
			isa = PBXShellScriptBuildPhase;
			buildActionMask = 2147483647;
			files = (
			);
			inputFileListPaths = (
			);
			inputPaths = (
				"${PODS_PODFILE_DIR_PATH}/Podfile.lock",
				"${PODS_ROOT}/Manifest.lock",
			);
			name = "[CP] Check Pods Manifest.lock";
			outputFileListPaths = (
			);
			outputPaths = (
				"$(DERIVED_FILE_DIR)/Pods-MyApp-checkManifestLockResult.txt",
			);
			runOnlyForDeploymentPostprocessing = 0;
			shellPath = /bin/sh;
			shellScript = "diff \"${PODS_PODFILE_DIR_PATH}/Podfile.lock\" \"${PODS_ROOT}/Manifest.lock\" > /dev/null\nif [ $? != 0 ] ; then\n    # print error to STDERR\n    echo \"error: The sandbox is not in sync with the Podfile.lock. Run 'pod install' or update your CocoaPods installation.\" >&2\n    exit 1\nfi\n# This output is used by Xcode 'outputs' to avoid re-running this script phase.\necho \"SUCCESS\" > \"${SCRIPT_OUTPUT_FILE_0}\"\n";
			showEnvVarsInLog = 0;
		};
		7DBE03CB287A005F1EA9D611 /* [CP] Embed Pods Frameworks */ = {
			isa = PBXShellScriptBuildPhase;
			buildActionMask = 2147483647;
			files = (
			);
			inputFileListPaths = (
				"${PODS_ROOT}/Target Support Files/Pods-MyApp/Pods-MyApp-frameworks-${CONFIGURATION}-input-files.xcfilelist",
			);
			name = "[CP] Embed Pods Frameworks";
			outputFileListPaths = (
				"${PODS_ROOT}/Target Support Files/Pods-MyApp/Pods-MyApp-frameworks-${CONFIGURATION}-output-files.xcfilelist",
			);
			runOnlyForDeploymentPostprocessing = 0;
			shellPath = /bin/sh;
			shellScript = "\"${PODS_ROOT}/Target Support Files/Pods-MyApp/Pods-MyApp-frameworks.sh\"\n";
			showEnvVarsInLog = 0;
		};
/* End PBXShellScriptBuildPhase section */

/* Begin PBXSourcesBuildPhase section */
		1870964C25C823EA00A3027D /* Sources */ = {
			isa = PBXSourcesBuildPhase;
			buildActionMask = 2147483647;
			files = (
				1870965525C823EA00A3027D /* AppDelegate.m in Sources */,
				188A4C8625D12DCD0002BEC9 /* YJTools.m in Sources */,
				18CA75AC25C8337200872836 /* YJGirlViewController.m in Sources */,
				18CA75A525C8300500872836 /* YJTabBarController.m in Sources */,
				18CA75A925C8334800872836 /* YJBoyViewController.m in Sources */,
				1870966625C823ED00A3027D /* main.m in Sources */,
				1870965825C823EA00A3027D /* SceneDelegate.m in Sources */,
			);
			runOnlyForDeploymentPostprocessing = 0;
		};
/* End PBXSourcesBuildPhase section */

/* Begin PBXVariantGroup section */
		1870966125C823ED00A3027D /* LaunchScreen.storyboard */ = {
			isa = PBXVariantGroup;
			children = (
				1870966225C823ED00A3027D /* Base */,
			);
			name = LaunchScreen.storyboard;
			sourceTree = "<group>";
		};
/* End PBXVariantGroup section */

/* Begin XCBuildConfiguration section */
		1870966725C823ED00A3027D /* Debug */ = {
			isa = XCBuildConfiguration;
			buildSettings = {
				ALWAYS_SEARCH_USER_PATHS = NO;
				CLANG_ANALYZER_NONNULL = YES;
				CLANG_ANALYZER_NUMBER_OBJECT_CONVERSION = YES_AGGRESSIVE;
				CLANG_CXX_LANGUAGE_STANDARD = "gnu++14";
				CLANG_CXX_LIBRARY = "libc++";
				CLANG_ENABLE_MODULES = YES;
				CLANG_ENABLE_OBJC_ARC = YES;
				CLANG_ENABLE_OBJC_WEAK = YES;
				CLANG_WARN_BLOCK_CAPTURE_AUTORELEASING = YES;
				CLANG_WARN_BOOL_CONVERSION = YES;
				CLANG_WARN_COMMA = YES;
				CLANG_WARN_CONSTANT_CONVERSION = YES;
				CLANG_WARN_DEPRECATED_OBJC_IMPLEMENTATIONS = YES;
				CLANG_WARN_DIRECT_OBJC_ISA_USAGE = YES_ERROR;
				CLANG_WARN_DOCUMENTATION_COMMENTS = YES;
				CLANG_WARN_EMPTY_BODY = YES;
				CLANG_WARN_ENUM_CONVERSION = YES;
				CLANG_WARN_INFINITE_RECURSION = YES;
				CLANG_WARN_INT_CONVERSION = YES;
				CLANG_WARN_NON_LITERAL_NULL_CONVERSION = YES;
				CLANG_WARN_OBJC_IMPLICIT_RETAIN_SELF = YES;
				CLANG_WARN_OBJC_LITERAL_CONVERSION = YES;
				CLANG_WARN_OBJC_ROOT_CLASS = YES_ERROR;
				CLANG_WARN_RANGE_LOOP_ANALYSIS = YES;
				CLANG_WARN_STRICT_PROTOTYPES = YES;
				CLANG_WARN_SUSPICIOUS_MOVE = YES;
				CLANG_WARN_UNGUARDED_AVAILABILITY = YES_AGGRESSIVE;
				CLANG_WARN_UNREACHABLE_CODE = YES;
				CLANG_WARN__DUPLICATE_METHOD_MATCH = YES;
				COPY_PHASE_STRIP = NO;
				DEBUG_INFORMATION_FORMAT = dwarf;
				ENABLE_STRICT_OBJC_MSGSEND = YES;
				ENABLE_TESTABILITY = YES;
				GCC_C_LANGUAGE_STANDARD = gnu11;
				GCC_DYNAMIC_NO_PIC = NO;
				GCC_NO_COMMON_BLOCKS = YES;
				GCC_OPTIMIZATION_LEVEL = 0;
				GCC_PREPROCESSOR_DEFINITIONS = (
					"DEBUG=1",
					"$(inherited)",
				);
				GCC_WARN_64_TO_32_BIT_CONVERSION = YES;
				GCC_WARN_ABOUT_RETURN_TYPE = YES_ERROR;
				GCC_WARN_UNDECLARED_SELECTOR = YES;
				GCC_WARN_UNINITIALIZED_AUTOS = YES_AGGRESSIVE;
				GCC_WARN_UNUSED_FUNCTION = YES;
				GCC_WARN_UNUSED_VARIABLE = YES;
				IPHONEOS_DEPLOYMENT_TARGET = 13.2;
				MTL_ENABLE_DEBUG_INFO = INCLUDE_SOURCE;
				MTL_FAST_MATH = YES;
				ONLY_ACTIVE_ARCH = YES;
				SDKROOT = iphoneos;
			};
			name = Debug;
		};
		1870966825C823ED00A3027D /* Release */ = {
			isa = XCBuildConfiguration;
			buildSettings = {
				ALWAYS_SEARCH_USER_PATHS = NO;
				CLANG_ANALYZER_NONNULL = YES;
				CLANG_ANALYZER_NUMBER_OBJECT_CONVERSION = YES_AGGRESSIVE;
				CLANG_CXX_LANGUAGE_STANDARD = "gnu++14";
				CLANG_CXX_LIBRARY = "libc++";
				CLANG_ENABLE_MODULES = YES;
				CLANG_ENABLE_OBJC_ARC = YES;
				CLANG_ENABLE_OBJC_WEAK = YES;
				CLANG_WARN_BLOCK_CAPTURE_AUTORELEASING = YES;
				CLANG_WARN_BOOL_CONVERSION = YES;
				CLANG_WARN_COMMA = YES;
				CLANG_WARN_CONSTANT_CONVERSION = YES;
				CLANG_WARN_DEPRECATED_OBJC_IMPLEMENTATIONS = YES;
				CLANG_WARN_DIRECT_OBJC_ISA_USAGE = YES_ERROR;
				CLANG_WARN_DOCUMENTATION_COMMENTS = YES;
				CLANG_WARN_EMPTY_BODY = YES;
				CLANG_WARN_ENUM_CONVERSION = YES;
				CLANG_WARN_INFINITE_RECURSION = YES;
				CLANG_WARN_INT_CONVERSION = YES;
				CLANG_WARN_NON_LITERAL_NULL_CONVERSION = YES;
				CLANG_WARN_OBJC_IMPLICIT_RETAIN_SELF = YES;
				CLANG_WARN_OBJC_LITERAL_CONVERSION = YES;
				CLANG_WARN_OBJC_ROOT_CLASS = YES_ERROR;
				CLANG_WARN_RANGE_LOOP_ANALYSIS = YES;
				CLANG_WARN_STRICT_PROTOTYPES = YES;
				CLANG_WARN_SUSPICIOUS_MOVE = YES;
				CLANG_WARN_UNGUARDED_AVAILABILITY = YES_AGGRESSIVE;
				CLANG_WARN_UNREACHABLE_CODE = YES;
				CLANG_WARN__DUPLICATE_METHOD_MATCH = YES;
				COPY_PHASE_STRIP = NO;
				DEBUG_INFORMATION_FORMAT = "dwarf-with-dsym";
				ENABLE_NS_ASSERTIONS = NO;
				ENABLE_STRICT_OBJC_MSGSEND = YES;
				GCC_C_LANGUAGE_STANDARD = gnu11;
				GCC_NO_COMMON_BLOCKS = YES;
				GCC_WARN_64_TO_32_BIT_CONVERSION = YES;
				GCC_WARN_ABOUT_RETURN_TYPE = YES_ERROR;
				GCC_WARN_UNDECLARED_SELECTOR = YES;
				GCC_WARN_UNINITIALIZED_AUTOS = YES_AGGRESSIVE;
				GCC_WARN_UNUSED_FUNCTION = YES;
				GCC_WARN_UNUSED_VARIABLE = YES;
				IPHONEOS_DEPLOYMENT_TARGET = 13.2;
				MTL_ENABLE_DEBUG_INFO = NO;
				MTL_FAST_MATH = YES;
				SDKROOT = iphoneos;
				VALIDATE_PRODUCT = YES;
			};
			name = Release;
		};
		1870966A25C823ED00A3027D /* Debug */ = {
			isa = XCBuildConfiguration;
			baseConfigurationReference = 2FE9756580AA640D174420DE /* Pods-MyApp.debug.xcconfig */;
			buildSettings = {
				ASSETCATALOG_COMPILER_APPICON_NAME = AppIcon;
				CODE_SIGN_STYLE = Automatic;
				GCC_PRECOMPILE_PREFIX_HEADER = YES;
				GCC_PREFIX_HEADER = "$(SRCROOT)/MyApp/PrefixHeader.pch";
				INFOPLIST_FILE = MyApp/Info.plist;
				LD_RUNPATH_SEARCH_PATHS = (
					"$(inherited)",
					"@executable_path/Frameworks",
				);
				PRODUCT_BUNDLE_IDENTIFIER = com.whaley.MyApp;
				PRODUCT_NAME = "$(TARGET_NAME)";
				TARGETED_DEVICE_FAMILY = "1,2";
			};
			name = Debug;
		};
		1870966B25C823ED00A3027D /* Release */ = {
			isa = XCBuildConfiguration;
			baseConfigurationReference = B719DAA89794CEA52D90FBD0 /* Pods-MyApp.release.xcconfig */;
			buildSettings = {
				ASSETCATALOG_COMPILER_APPICON_NAME = AppIcon;
				CODE_SIGN_STYLE = Automatic;
				GCC_PRECOMPILE_PREFIX_HEADER = YES;
				GCC_PREFIX_HEADER = "$(SRCROOT)/MyApp/PrefixHeader.pch";
				INFOPLIST_FILE = MyApp/Info.plist;
				LD_RUNPATH_SEARCH_PATHS = (
					"$(inherited)",
					"@executable_path/Frameworks",
				);
				PRODUCT_BUNDLE_IDENTIFIER = com.whaley.MyApp;
				PRODUCT_NAME = "$(TARGET_NAME)";
				TARGETED_DEVICE_FAMILY = "1,2";
			};
			name = Release;
		};
/* End XCBuildConfiguration section */

/* Begin XCConfigurationList section */
		1870964B25C823EA00A3027D /* Build configuration list for PBXProject "MyApp" */ = {
			isa = XCConfigurationList;
			buildConfigurations = (
				1870966725C823ED00A3027D /* Debug */,
				1870966825C823ED00A3027D /* Release */,
			);
			defaultConfigurationIsVisible = 0;
			defaultConfigurationName = Release;
		};
		1870966925C823ED00A3027D /* Build configuration list for PBXNativeTarget "MyApp" */ = {
			isa = XCConfigurationList;
			buildConfigurations = (
				1870966A25C823ED00A3027D /* Debug */,
				1870966B25C823ED00A3027D /* Release */,
			);
			defaultConfigurationIsVisible = 0;
			defaultConfigurationName = Release;
		};
/* End XCConfigurationList section */
	};
	rootObject = 1870964825C823EA00A3027D /* Project object */;
}
